<?xml version="1.0" encoding="utf-8"?>
<Project ToolsVersion="4.0" xmlns="http://schemas.microsoft.com/developer/msbuild/2003">
  <ItemGroup>
    <Filter Include="Header">
      <UniqueIdentifier>{9b488861-21cb-4065-b470-a7883e0f03e6}</UniqueIdentifier>
    </Filter>
    <Filter Include="Source">
      <UniqueIdentifier>{29a15d3f-c4e5-482c-b699-fdb98eaf151b}</UniqueIdentifier>
    </Filter>
    <Filter Include="Resources">
      <UniqueIdentifier>{e676be1e-e143-464c-bd6d-016999303947}</UniqueIdentifier>
    </Filter>
  </ItemGroup>
  <ItemGroup>
    <ClCompile Include="src\OpenGL.cpp">
      <Filter>Source</Filter>
    </ClCompile>
    <ClCompile Include="src\IndexBuffer.cpp">
      <Filter>Source</Filter>
    </ClCompile>
    <ClCompile Include="src\Renderer.cpp">
      <Filter>Source</Filter>
    </ClCompile>
    <ClCompile Include="src\VertexBuffer.cpp">
      <Filter>Source</Filter>
    </ClCompile>
    <ClCompile Include="src\VertexArray.cpp" />
    <ClCompile Include="src\Shader.cpp" />
  </ItemGroup>
  <ItemGroup>
    <None Include="res\shaders\Basic.frag">
      <Filter>Resources</Filter>
    </None>
    <None Include="res\shaders\Basic.vert">
      <Filter>Resources</Filter>
    </None>
  </ItemGroup>
  <ItemGroup>
    <ClInclude Include="src\Renderer.h">
      <Filter>Header</Filter>
    </ClInclude>
    <ClInclude Include="src\VertexBuffer.h">
      <Filter>Header</Filter>
    </ClInclude>
    <ClInclude Include="src\IndexBuffer.h">
      <Filter>Header</Filter>
    </ClInclude>
    <ClInclude Include="src\VertexArray.h" />
    <ClInclude Include="src\VertexBufferLayout.h" />
    <ClInclude Include="src\Shader.h" />
  </ItemGroup>
</Project>